
Microsoft Visual Studio Solution File, Format Version 12.00
# Visual Studio Version 16
VisualStudioVersion = 16.0.29806.167
MinimumVisualStudioVersion = 10.0.40219.1
Project("{9A19103F-16F7-4668-BE54-9A1E7A4F7556}") = "Geeks.Practices", "Geeks.Practices\Geeks.Practices.csproj", "{65729BB3-18C1-413C-A565-8E80BDF9E0EC}"
EndProject
Global
	GlobalSection(SolutionConfigurationPlatforms) = preSolution
		Debug|Any CPU = Debug|Any CPU
		Release|Any CPU = Release|Any CPU
	EndGlobalSection
	GlobalSection(ProjectConfigurationPlatforms) = postSolution
		{65729BB3-18C1-413C-A565-8E80BDF9E0EC}.Debug|Any CPU.ActiveCfg = Debug|Any CPU
		{65729BB3-18C1-413C-A565-8E80BDF9E0EC}.Debug|Any CPU.Build.0 = Debug|Any CPU
		{65729BB3-18C1-413C-A565-8E80BDF9E0EC}.Release|Any CPU.ActiveCfg = Release|Any CPU
		{65729BB3-18C1-413C-A565-8E80BDF9E0EC}.Release|Any CPU.Build.0 = Release|Any CPU
	EndGlobalSection
	GlobalSection(SolutionProperties) = preSolution
		HideSolutionNode = FALSE
	EndGlobalSection
	GlobalSection(ExtensibilityGlobals) = postSolution
		SolutionGuid = {70A3E9C8-755F-46B0-A06E-942AB4580F86}
	EndGlobalSection
EndGlobal
